
Microsoft Visual Studio Solution File, Format Version 12.00
# Visual Studio Version 16
VisualStudioVersion = 16.0.30002.166
MinimumVisualStudioVersion = 10.0.40219.1
Project("{2150E333-8FDC-42A3-9474-1A3956D46DE8}") = "Src", "Src", "{D115D9DC-14BE-45DF-8BC4-69803D4DA351}"
EndProject
Project("{2150E333-8FDC-42A3-9474-1A3956D46DE8}") = "Domain", "Domain", "{3E28BC0D-76F4-42A4-838F-F67E3AA79A6A}"
EndProject
Project("{9A19103F-16F7-4668-BE54-9A1E7A4F7556}") = "AreasMap.Domain", "AreasMap.Domain\AreasMap.Domain.csproj", "{CE61B2B7-363B-45E3-8B76-CD0ED220BCCB}"
EndProject
Project("{2150E333-8FDC-42A3-9474-1A3956D46DE8}") = "Repository", "Repository", "{5CD2E3A7-74D9-4B7A-A3F4-0456D524613D}"
EndProject
Project("{9A19103F-16F7-4668-BE54-9A1E7A4F7556}") = "AreasMap.Repository.Core", "AreasMap.Repository.Core\AreasMap.Repository.Core.csproj", "{A211A075-A7C6-4C48-977C-917A3388C5D4}"
EndProject
Project("{9A19103F-16F7-4668-BE54-9A1E7A4F7556}") = "AreasMap.Repository.EntityFramework", "AreasMap.Repository.EntityFramework\AreasMap.Repository.EntityFramework.csproj", "{AEB047EC-B00B-4BBD-A01F-8CFF758A5B2B}"
EndProject
Project("{2150E333-8FDC-42A3-9474-1A3956D46DE8}") = "Application", "Application", "{8C2D1A43-9AB0-4321-BDB7-2327BF1C28EC}"
EndProject
Project("{2150E333-8FDC-42A3-9474-1A3956D46DE8}") = "Infrastructure", "Infrastructure", "{CCBB9B07-ECC1-4581-9EB1-D37A6A2496B1}"
EndProject
Project("{2150E333-8FDC-42A3-9474-1A3956D46DE8}") = "Api", "Api", "{DA173CC2-32A0-4A65-AF6F-C0D3F2E0D1A6}"
EndProject
Project("{9A19103F-16F7-4668-BE54-9A1E7A4F7556}") = "AreasMap.EF.Common", "AreasMap.EF.Common\AreasMap.EF.Common.csproj", "{3F4AE5E9-2AA9-4494-919D-9BF00C4983CB}"
EndProject
Project("{9A19103F-16F7-4668-BE54-9A1E7A4F7556}") = "AreasMap.EF.MSSQL", "AreasMap.EF.MSSQL\AreasMap.EF.MSSQL.csproj", "{B5F687BF-AD52-4F00-8F51-4C4C0FB4B336}"
EndProject
Project("{9A19103F-16F7-4668-BE54-9A1E7A4F7556}") = "AreasMap.WebApi", "AreasMap.WebApi\AreasMap.WebApi.csproj", "{F50AC5F0-09B5-4F84-8493-24DA6C3D4853}"
EndProject
Project("{9A19103F-16F7-4668-BE54-9A1E7A4F7556}") = "AreasMap.Application", "AreasMap.Application\AreasMap.Application.csproj", "{D931B8A1-F31E-43E8-AE9A-C6C9D83FC418}"
EndProject
Global
	GlobalSection(SolutionConfigurationPlatforms) = preSolution
		Debug|Any CPU = Debug|Any CPU
		Release|Any CPU = Release|Any CPU
	EndGlobalSection
	GlobalSection(ProjectConfigurationPlatforms) = postSolution
		{CE61B2B7-363B-45E3-8B76-CD0ED220BCCB}.Debug|Any CPU.ActiveCfg = Debug|Any CPU
		{CE61B2B7-363B-45E3-8B76-CD0ED220BCCB}.Debug|Any CPU.Build.0 = Debug|Any CPU
		{CE61B2B7-363B-45E3-8B76-CD0ED220BCCB}.Release|Any CPU.ActiveCfg = Release|Any CPU
		{CE61B2B7-363B-45E3-8B76-CD0ED220BCCB}.Release|Any CPU.Build.0 = Release|Any CPU
		{A211A075-A7C6-4C48-977C-917A3388C5D4}.Debug|Any CPU.ActiveCfg = Debug|Any CPU
		{A211A075-A7C6-4C48-977C-917A3388C5D4}.Debug|Any CPU.Build.0 = Debug|Any CPU
		{A211A075-A7C6-4C48-977C-917A3388C5D4}.Release|Any CPU.ActiveCfg = Release|Any CPU
		{A211A075-A7C6-4C48-977C-917A3388C5D4}.Release|Any CPU.Build.0 = Release|Any CPU
		{AEB047EC-B00B-4BBD-A01F-8CFF758A5B2B}.Debug|Any CPU.ActiveCfg = Debug|Any CPU
		{AEB047EC-B00B-4BBD-A01F-8CFF758A5B2B}.Debug|Any CPU.Build.0 = Debug|Any CPU
		{AEB047EC-B00B-4BBD-A01F-8CFF758A5B2B}.Release|Any CPU.ActiveCfg = Release|Any CPU
		{AEB047EC-B00B-4BBD-A01F-8CFF758A5B2B}.Release|Any CPU.Build.0 = Release|Any CPU
		{3F4AE5E9-2AA9-4494-919D-9BF00C4983CB}.Debug|Any CPU.ActiveCfg = Debug|Any CPU
		{3F4AE5E9-2AA9-4494-919D-9BF00C4983CB}.Debug|Any CPU.Build.0 = Debug|Any CPU
		{3F4AE5E9-2AA9-4494-919D-9BF00C4983CB}.Release|Any CPU.ActiveCfg = Release|Any CPU
		{3F4AE5E9-2AA9-4494-919D-9BF00C4983CB}.Release|Any CPU.Build.0 = Release|Any CPU
		{B5F687BF-AD52-4F00-8F51-4C4C0FB4B336}.Debug|Any CPU.ActiveCfg = Debug|Any CPU
		{B5F687BF-AD52-4F00-8F51-4C4C0FB4B336}.Debug|Any CPU.Build.0 = Debug|Any CPU
		{B5F687BF-AD52-4F00-8F51-4C4C0FB4B336}.Release|Any CPU.ActiveCfg = Release|Any CPU
		{B5F687BF-AD52-4F00-8F51-4C4C0FB4B336}.Release|Any CPU.Build.0 = Release|Any CPU
		{F50AC5F0-09B5-4F84-8493-24DA6C3D4853}.Debug|Any CPU.ActiveCfg = Debug|Any CPU
		{F50AC5F0-09B5-4F84-8493-24DA6C3D4853}.Debug|Any CPU.Build.0 = Debug|Any CPU
		{F50AC5F0-09B5-4F84-8493-24DA6C3D4853}.Release|Any CPU.ActiveCfg = Release|Any CPU
		{F50AC5F0-09B5-4F84-8493-24DA6C3D4853}.Release|Any CPU.Build.0 = Release|Any CPU
		{D931B8A1-F31E-43E8-AE9A-C6C9D83FC418}.Debug|Any CPU.ActiveCfg = Debug|Any CPU
		{D931B8A1-F31E-43E8-AE9A-C6C9D83FC418}.Debug|Any CPU.Build.0 = Debug|Any CPU
		{D931B8A1-F31E-43E8-AE9A-C6C9D83FC418}.Release|Any CPU.ActiveCfg = Release|Any CPU
		{D931B8A1-F31E-43E8-AE9A-C6C9D83FC418}.Release|Any CPU.Build.0 = Release|Any CPU
	EndGlobalSection
	GlobalSection(SolutionProperties) = preSolution
		HideSolutionNode = FALSE
	EndGlobalSection
	GlobalSection(NestedProjects) = preSolution
		{3E28BC0D-76F4-42A4-838F-F67E3AA79A6A} = {D115D9DC-14BE-45DF-8BC4-69803D4DA351}
		{CE61B2B7-363B-45E3-8B76-CD0ED220BCCB} = {3E28BC0D-76F4-42A4-838F-F67E3AA79A6A}
		{5CD2E3A7-74D9-4B7A-A3F4-0456D524613D} = {D115D9DC-14BE-45DF-8BC4-69803D4DA351}
		{A211A075-A7C6-4C48-977C-917A3388C5D4} = {5CD2E3A7-74D9-4B7A-A3F4-0456D524613D}
		{AEB047EC-B00B-4BBD-A01F-8CFF758A5B2B} = {5CD2E3A7-74D9-4B7A-A3F4-0456D524613D}
		{8C2D1A43-9AB0-4321-BDB7-2327BF1C28EC} = {D115D9DC-14BE-45DF-8BC4-69803D4DA351}
		{CCBB9B07-ECC1-4581-9EB1-D37A6A2496B1} = {D115D9DC-14BE-45DF-8BC4-69803D4DA351}
		{DA173CC2-32A0-4A65-AF6F-C0D3F2E0D1A6} = {D115D9DC-14BE-45DF-8BC4-69803D4DA351}
		{3F4AE5E9-2AA9-4494-919D-9BF00C4983CB} = {CCBB9B07-ECC1-4581-9EB1-D37A6A2496B1}
		{B5F687BF-AD52-4F00-8F51-4C4C0FB4B336} = {CCBB9B07-ECC1-4581-9EB1-D37A6A2496B1}
		{F50AC5F0-09B5-4F84-8493-24DA6C3D4853} = {DA173CC2-32A0-4A65-AF6F-C0D3F2E0D1A6}
		{D931B8A1-F31E-43E8-AE9A-C6C9D83FC418} = {8C2D1A43-9AB0-4321-BDB7-2327BF1C28EC}
	EndGlobalSection
	GlobalSection(ExtensibilityGlobals) = postSolution
		SolutionGuid = {CD3BA511-4688-4A7D-9088-C8908CC00CFA}
	EndGlobalSection
EndGlobal
